
Microsoft Visual Studio Solution File, Format Version 12.00
# Visual Studio 2012
Project("{FAE04EC0-301F-11D3-BF4B-00C04F79EFBC}") = "patrick-github", "patrick-github\patrick-github.csproj", "{BEC888CA-158E-42F8-8B19-10F2DE88420A}"
EndProject
Global
	GlobalSection(SolutionConfigurationPlatforms) = preSolution
		Debug|Any CPU = Debug|Any CPU
		Release|Any CPU = Release|Any CPU
	EndGlobalSection
	GlobalSection(ProjectConfigurationPlatforms) = postSolution
		{BEC888CA-158E-42F8-8B19-10F2DE88420A}.Debug|Any CPU.ActiveCfg = Debug|Any CPU
		{BEC888CA-158E-42F8-8B19-10F2DE88420A}.Debug|Any CPU.Build.0 = Debug|Any CPU
		{BEC888CA-158E-42F8-8B19-10F2DE88420A}.Release|Any CPU.ActiveCfg = Release|Any CPU
		{BEC888CA-158E-42F8-8B19-10F2DE88420A}.Release|Any CPU.Build.0 = Release|Any CPU
	EndGlobalSection
	GlobalSection(SolutionProperties) = preSolution
		HideSolutionNode = FALSE
	EndGlobalSection
EndGlobal
